// !$*UTF8*$!
{
	archiveVersion = 1;
	classes = {
	};
	objectVersion = 46;
	objects = {

/* Begin PBXBuildFile section */
		273432D51E44155A00867DD6 /* BaseDataModel.swift in Sources */ = {isa = PBXBuildFile; fileRef = 273432D41E44155A00867DD6 /* BaseDataModel.swift */; };
		273432D71E44222500867DD6 /* MovieData.swift in Sources */ = {isa = PBXBuildFile; fileRef = 273432D61E44222500867DD6 /* MovieData.swift */; };
		273432D91E44222F00867DD6 /* PersonData.swift in Sources */ = {isa = PBXBuildFile; fileRef = 273432D81E44222F00867DD6 /* PersonData.swift */; };
		273432DB1E44223900867DD6 /* TvShowData.swift in Sources */ = {isa = PBXBuildFile; fileRef = 273432DA1E44223900867DD6 /* TvShowData.swift */; };
		273432DF1E47D01600867DD6 /* PosterDetailViewController.swift in Sources */ = {isa = PBXBuildFile; fileRef = 273432DE1E47D01600867DD6 /* PosterDetailViewController.swift */; };
		273432E41E4808F400867DD6 /* Assets.xcassets in Resources */ = {isa = PBXBuildFile; fileRef = 273432E31E4808F400867DD6 /* Assets.xcassets */; };
		273432E61E4A86B900867DD6 /* ActorCollectionViewController.swift in Sources */ = {isa = PBXBuildFile; fileRef = 273432E51E4A86B900867DD6 /* ActorCollectionViewController.swift */; };
		273432E81E4A878100867DD6 /* ActorCollectionViewCell.swift in Sources */ = {isa = PBXBuildFile; fileRef = 273432E71E4A878100867DD6 /* ActorCollectionViewCell.swift */; };
		273432EA1E4A9C0A00867DD6 /* DetailPageViewController.swift in Sources */ = {isa = PBXBuildFile; fileRef = 273432E91E4A9C0A00867DD6 /* DetailPageViewController.swift */; };
		273432EC1E4B09F200867DD6 /* CrewCollectionViewController.swift in Sources */ = {isa = PBXBuildFile; fileRef = 273432EB1E4B09F200867DD6 /* CrewCollectionViewController.swift */; };
		273432EE1E4B0A0000867DD6 /* CrewCollectionViewCell.swift in Sources */ = {isa = PBXBuildFile; fileRef = 273432ED1E4B0A0000867DD6 /* CrewCollectionViewCell.swift */; };
		273432F01E4BD8F000867DD6 /* NetworkExtensions.swift in Sources */ = {isa = PBXBuildFile; fileRef = 273432EF1E4BD8F000867DD6 /* NetworkExtensions.swift */; };
		27C94D0D1E3F113F0052B951 /* AppDelegate.swift in Sources */ = {isa = PBXBuildFile; fileRef = 27C94D0C1E3F113F0052B951 /* AppDelegate.swift */; };
		27C94D0F1E3F113F0052B951 /* HomeViewController.swift in Sources */ = {isa = PBXBuildFile; fileRef = 27C94D0E1E3F113F0052B951 /* HomeViewController.swift */; };
		27C94D121E3F113F0052B951 /* Main.storyboard in Resources */ = {isa = PBXBuildFile; fileRef = 27C94D101E3F113F0052B951 /* Main.storyboard */; };
		27C94D171E3F113F0052B951 /* LaunchScreen.storyboard in Resources */ = {isa = PBXBuildFile; fileRef = 27C94D151E3F113F0052B951 /* LaunchScreen.storyboard */; };
		27C94D221E3F113F0052B951 /* GophertainmentTests.swift in Sources */ = {isa = PBXBuildFile; fileRef = 27C94D211E3F113F0052B951 /* GophertainmentTests.swift */; };
		27C94D2D1E3F113F0052B951 /* GophertainmentUITests.swift in Sources */ = {isa = PBXBuildFile; fileRef = 27C94D2C1E3F113F0052B951 /* GophertainmentUITests.swift */; };
		27C94D3E1E3F15030052B951 /* ResultCellView.swift in Sources */ = {isa = PBXBuildFile; fileRef = 27C94D3D1E3F15030052B951 /* ResultCellView.swift */; };
		27C94D421E404FB80052B951 /* Extensions.swift in Sources */ = {isa = PBXBuildFile; fileRef = 27C94D411E404FB80052B951 /* Extensions.swift */; };
/* End PBXBuildFile section */

/* Begin PBXContainerItemProxy section */
		27C94D1E1E3F113F0052B951 /* PBXContainerItemProxy */ = {
			isa = PBXContainerItemProxy;
			containerPortal = 27C94D011E3F113F0052B951 /* Project object */;
			proxyType = 1;
			remoteGlobalIDString = 27C94D081E3F113F0052B951;
			remoteInfo = Gophertainment;
		};
		27C94D291E3F113F0052B951 /* PBXContainerItemProxy */ = {
			isa = PBXContainerItemProxy;
			containerPortal = 27C94D011E3F113F0052B951 /* Project object */;
			proxyType = 1;
			remoteGlobalIDString = 27C94D081E3F113F0052B951;
			remoteInfo = Gophertainment;
		};
/* End PBXContainerItemProxy section */

/* Begin PBXFileReference section */
		273432D41E44155A00867DD6 /* BaseDataModel.swift */ = {isa = PBXFileReference; fileEncoding = 4; lastKnownFileType = sourcecode.swift; path = BaseDataModel.swift; sourceTree = "<group>"; };
		273432D61E44222500867DD6 /* MovieData.swift */ = {isa = PBXFileReference; fileEncoding = 4; lastKnownFileType = sourcecode.swift; path = MovieData.swift; sourceTree = "<group>"; };
		273432D81E44222F00867DD6 /* PersonData.swift */ = {isa = PBXFileReference; fileEncoding = 4; lastKnownFileType = sourcecode.swift; path = PersonData.swift; sourceTree = "<group>"; };
		273432DA1E44223900867DD6 /* TvShowData.swift */ = {isa = PBXFileReference; fileEncoding = 4; lastKnownFileType = sourcecode.swift; path = TvShowData.swift; sourceTree = "<group>"; };
		273432DE1E47D01600867DD6 /* PosterDetailViewController.swift */ = {isa = PBXFileReference; fileEncoding = 4; lastKnownFileType = sourcecode.swift; path = PosterDetailViewController.swift; sourceTree = "<group>"; };
		273432E31E4808F400867DD6 /* Assets.xcassets */ = {isa = PBXFileReference; lastKnownFileType = folder.assetcatalog; name = Assets.xcassets; path = ../../../../../../../../../.Trash/Assets.xcassets; sourceTree = "<group>"; };
		273432E51E4A86B900867DD6 /* ActorCollectionViewController.swift */ = {isa = PBXFileReference; fileEncoding = 4; lastKnownFileType = sourcecode.swift; path = ActorCollectionViewController.swift; sourceTree = "<group>"; };
		273432E71E4A878100867DD6 /* ActorCollectionViewCell.swift */ = {isa = PBXFileReference; fileEncoding = 4; lastKnownFileType = sourcecode.swift; path = ActorCollectionViewCell.swift; sourceTree = "<group>"; };
		273432E91E4A9C0A00867DD6 /* DetailPageViewController.swift */ = {isa = PBXFileReference; fileEncoding = 4; lastKnownFileType = sourcecode.swift; path = DetailPageViewController.swift; sourceTree = "<group>"; };
		273432EB1E4B09F200867DD6 /* CrewCollectionViewController.swift */ = {isa = PBXFileReference; fileEncoding = 4; lastKnownFileType = sourcecode.swift; path = CrewCollectionViewController.swift; sourceTree = "<group>"; };
		273432ED1E4B0A0000867DD6 /* CrewCollectionViewCell.swift */ = {isa = PBXFileReference; fileEncoding = 4; lastKnownFileType = sourcecode.swift; path = CrewCollectionViewCell.swift; sourceTree = "<group>"; };
		273432EF1E4BD8F000867DD6 /* NetworkExtensions.swift */ = {isa = PBXFileReference; fileEncoding = 4; lastKnownFileType = sourcecode.swift; path = NetworkExtensions.swift; sourceTree = "<group>"; };
		27C94D091E3F113F0052B951 /* Gophertainment.app */ = {isa = PBXFileReference; explicitFileType = wrapper.application; includeInIndex = 0; path = Gophertainment.app; sourceTree = BUILT_PRODUCTS_DIR; };
		27C94D0C1E3F113F0052B951 /* AppDelegate.swift */ = {isa = PBXFileReference; lastKnownFileType = sourcecode.swift; path = AppDelegate.swift; sourceTree = "<group>"; };
		27C94D0E1E3F113F0052B951 /* HomeViewController.swift */ = {isa = PBXFileReference; lastKnownFileType = sourcecode.swift; path = HomeViewController.swift; sourceTree = "<group>"; };
		27C94D111E3F113F0052B951 /* Base */ = {isa = PBXFileReference; lastKnownFileType = file.storyboard; name = Base; path = Base.lproj/Main.storyboard; sourceTree = "<group>"; };
		27C94D161E3F113F0052B951 /* Base */ = {isa = PBXFileReference; lastKnownFileType = file.storyboard; name = Base; path = Base.lproj/LaunchScreen.storyboard; sourceTree = "<group>"; };
		27C94D181E3F113F0052B951 /* Info.plist */ = {isa = PBXFileReference; lastKnownFileType = text.plist.xml; path = Info.plist; sourceTree = "<group>"; };
		27C94D1D1E3F113F0052B951 /* GophertainmentTests.xctest */ = {isa = PBXFileReference; explicitFileType = wrapper.cfbundle; includeInIndex = 0; path = GophertainmentTests.xctest; sourceTree = BUILT_PRODUCTS_DIR; };
		27C94D211E3F113F0052B951 /* GophertainmentTests.swift */ = {isa = PBXFileReference; lastKnownFileType = sourcecode.swift; path = GophertainmentTests.swift; sourceTree = "<group>"; };
		27C94D231E3F113F0052B951 /* Info.plist */ = {isa = PBXFileReference; lastKnownFileType = text.plist.xml; path = Info.plist; sourceTree = "<group>"; };
		27C94D281E3F113F0052B951 /* GophertainmentUITests.xctest */ = {isa = PBXFileReference; explicitFileType = wrapper.cfbundle; includeInIndex = 0; path = GophertainmentUITests.xctest; sourceTree = BUILT_PRODUCTS_DIR; };
		27C94D2C1E3F113F0052B951 /* GophertainmentUITests.swift */ = {isa = PBXFileReference; lastKnownFileType = sourcecode.swift; path = GophertainmentUITests.swift; sourceTree = "<group>"; };
		27C94D2E1E3F113F0052B951 /* Info.plist */ = {isa = PBXFileReference; lastKnownFileType = text.plist.xml; path = Info.plist; sourceTree = "<group>"; };
		27C94D3D1E3F15030052B951 /* ResultCellView.swift */ = {isa = PBXFileReference; fileEncoding = 4; lastKnownFileType = sourcecode.swift; path = ResultCellView.swift; sourceTree = "<group>"; };
		27C94D411E404FB80052B951 /* Extensions.swift */ = {isa = PBXFileReference; fileEncoding = 4; lastKnownFileType = sourcecode.swift; path = Extensions.swift; sourceTree = "<group>"; };
/* End PBXFileReference section */

/* Begin PBXFrameworksBuildPhase section */
		27C94D061E3F113F0052B951 /* Frameworks */ = {
			isa = PBXFrameworksBuildPhase;
			buildActionMask = 2147483647;
			files = (
			);
			runOnlyForDeploymentPostprocessing = 0;
		};
		27C94D1A1E3F113F0052B951 /* Frameworks */ = {
			isa = PBXFrameworksBuildPhase;
			buildActionMask = 2147483647;
			files = (
			);
			runOnlyForDeploymentPostprocessing = 0;
		};
		27C94D251E3F113F0052B951 /* Frameworks */ = {
			isa = PBXFrameworksBuildPhase;
			buildActionMask = 2147483647;
			files = (
			);
			runOnlyForDeploymentPostprocessing = 0;
		};
/* End PBXFrameworksBuildPhase section */

/* Begin PBXGroup section */
		27C94D001E3F113F0052B951 = {
			isa = PBXGroup;
			children = (
				27C94D0B1E3F113F0052B951 /* Gophertainment */,
				27C94D201E3F113F0052B951 /* GophertainmentTests */,
				27C94D2B1E3F113F0052B951 /* GophertainmentUITests */,
				27C94D0A1E3F113F0052B951 /* Products */,
			);
			sourceTree = "<group>";
		};
		27C94D0A1E3F113F0052B951 /* Products */ = {
			isa = PBXGroup;
			children = (
				27C94D091E3F113F0052B951 /* Gophertainment.app */,
				27C94D1D1E3F113F0052B951 /* GophertainmentTests.xctest */,
				27C94D281E3F113F0052B951 /* GophertainmentUITests.xctest */,
			);
			name = Products;
			sourceTree = "<group>";
		};
		27C94D0B1E3F113F0052B951 /* Gophertainment */ = {
			isa = PBXGroup;
			children = (
				273432E31E4808F400867DD6 /* Assets.xcassets */,
				27C94D401E404F470052B951 /* Helpers */,
				27C94D3F1E3F29210052B951 /* Network */,
				27C94D3C1E3F14DB0052B951 /* Models */,
				27C94D3B1E3F14D50052B951 /* Controllers */,
				27C94D3A1E3F14CD0052B951 /* Views */,
				27C94D0C1E3F113F0052B951 /* AppDelegate.swift */,
				27C94D101E3F113F0052B951 /* Main.storyboard */,
				27C94D151E3F113F0052B951 /* LaunchScreen.storyboard */,
				27C94D181E3F113F0052B951 /* Info.plist */,
			);
			path = Gophertainment;
			sourceTree = "<group>";
		};
		27C94D201E3F113F0052B951 /* GophertainmentTests */ = {
			isa = PBXGroup;
			children = (
				27C94D211E3F113F0052B951 /* GophertainmentTests.swift */,
				27C94D231E3F113F0052B951 /* Info.plist */,
			);
			path = GophertainmentTests;
			sourceTree = "<group>";
		};
		27C94D2B1E3F113F0052B951 /* GophertainmentUITests */ = {
			isa = PBXGroup;
			children = (
				27C94D2C1E3F113F0052B951 /* GophertainmentUITests.swift */,
				27C94D2E1E3F113F0052B951 /* Info.plist */,
			);
			path = GophertainmentUITests;
			sourceTree = "<group>";
		};
		27C94D3A1E3F14CD0052B951 /* Views */ = {
			isa = PBXGroup;
			children = (
				27C94D3D1E3F15030052B951 /* ResultCellView.swift */,
				273432E71E4A878100867DD6 /* ActorCollectionViewCell.swift */,
				273432ED1E4B0A0000867DD6 /* CrewCollectionViewCell.swift */,
			);
			name = Views;
			sourceTree = "<group>";
		};
		27C94D3B1E3F14D50052B951 /* Controllers */ = {
			isa = PBXGroup;
			children = (
				27C94D0E1E3F113F0052B951 /* HomeViewController.swift */,
				273432DE1E47D01600867DD6 /* PosterDetailViewController.swift */,
				273432E51E4A86B900867DD6 /* ActorCollectionViewController.swift */,
				273432E91E4A9C0A00867DD6 /* DetailPageViewController.swift */,
				273432EB1E4B09F200867DD6 /* CrewCollectionViewController.swift */,
			);
			name = Controllers;
			sourceTree = "<group>";
		};
		27C94D3C1E3F14DB0052B951 /* Models */ = {
			isa = PBXGroup;
			children = (
				273432D41E44155A00867DD6 /* BaseDataModel.swift */,
				273432D61E44222500867DD6 /* MovieData.swift */,
				273432D81E44222F00867DD6 /* PersonData.swift */,
				273432DA1E44223900867DD6 /* TvShowData.swift */,
			);
			name = Models;
			sourceTree = "<group>";
		};
		27C94D3F1E3F29210052B951 /* Network */ = {
			isa = PBXGroup;
			children = (
				273432EF1E4BD8F000867DD6 /* NetworkExtensions.swift */,
			);
			name = Network;
			sourceTree = "<group>";
		};
		27C94D401E404F470052B951 /* Helpers */ = {
			isa = PBXGroup;
			children = (
				27C94D411E404FB80052B951 /* Extensions.swift */,
			);
			name = Helpers;
			sourceTree = "<group>";
		};
/* End PBXGroup section */

/* Begin PBXNativeTarget section */
		27C94D081E3F113F0052B951 /* Gophertainment */ = {
			isa = PBXNativeTarget;
			buildConfigurationList = 27C94D311E3F113F0052B951 /* Build configuration list for PBXNativeTarget "Gophertainment" */;
			buildPhases = (
				27C94D051E3F113F0052B951 /* Sources */,
				27C94D061E3F113F0052B951 /* Frameworks */,
				27C94D071E3F113F0052B951 /* Resources */,
			);
			buildRules = (
			);
			dependencies = (
			);
			name = Gophertainment;
			productName = Gophertainment;
			productReference = 27C94D091E3F113F0052B951 /* Gophertainment.app */;
			productType = "com.apple.product-type.application";
		};
		27C94D1C1E3F113F0052B951 /* GophertainmentTests */ = {
			isa = PBXNativeTarget;
			buildConfigurationList = 27C94D341E3F113F0052B951 /* Build configuration list for PBXNativeTarget "GophertainmentTests" */;
			buildPhases = (
				27C94D191E3F113F0052B951 /* Sources */,
				27C94D1A1E3F113F0052B951 /* Frameworks */,
				27C94D1B1E3F113F0052B951 /* Resources */,
			);
			buildRules = (
			);
			dependencies = (
				27C94D1F1E3F113F0052B951 /* PBXTargetDependency */,
			);
			name = GophertainmentTests;
			productName = GophertainmentTests;
			productReference = 27C94D1D1E3F113F0052B951 /* GophertainmentTests.xctest */;
			productType = "com.apple.product-type.bundle.unit-test";
		};
		27C94D271E3F113F0052B951 /* GophertainmentUITests */ = {
			isa = PBXNativeTarget;
			buildConfigurationList = 27C94D371E3F113F0052B951 /* Build configuration list for PBXNativeTarget "GophertainmentUITests" */;
			buildPhases = (
				27C94D241E3F113F0052B951 /* Sources */,
				27C94D251E3F113F0052B951 /* Frameworks */,
				27C94D261E3F113F0052B951 /* Resources */,
			);
			buildRules = (
			);
			dependencies = (
				27C94D2A1E3F113F0052B951 /* PBXTargetDependency */,
			);
			name = GophertainmentUITests;
			productName = GophertainmentUITests;
			productReference = 27C94D281E3F113F0052B951 /* GophertainmentUITests.xctest */;
			productType = "com.apple.product-type.bundle.ui-testing";
		};
/* End PBXNativeTarget section */

/* Begin PBXProject section */
		27C94D011E3F113F0052B951 /* Project object */ = {
			isa = PBXProject;
			attributes = {
				LastSwiftUpdateCheck = 0820;
				LastUpgradeCheck = 0820;
				ORGANIZATIONNAME = "Daksh Sharma";
				TargetAttributes = {
					27C94D081E3F113F0052B951 = {
						CreatedOnToolsVersion = 8.2.1;
						DevelopmentTeam = 4UW8LGR5EU;
						ProvisioningStyle = Automatic;
					};
					27C94D1C1E3F113F0052B951 = {
						CreatedOnToolsVersion = 8.2.1;
						DevelopmentTeam = 4UW8LGR5EU;
						ProvisioningStyle = Automatic;
						TestTargetID = 27C94D081E3F113F0052B951;
					};
					27C94D271E3F113F0052B951 = {
						CreatedOnToolsVersion = 8.2.1;
						DevelopmentTeam = 4UW8LGR5EU;
						ProvisioningStyle = Automatic;
						TestTargetID = 27C94D081E3F113F0052B951;
					};
				};
			};
			buildConfigurationList = 27C94D041E3F113F0052B951 /* Build configuration list for PBXProject "Gophertainment" */;
			compatibilityVersion = "Xcode 3.2";
			developmentRegion = English;
			hasScannedForEncodings = 0;
			knownRegions = (
				en,
				Base,
			);
			mainGroup = 27C94D001E3F113F0052B951;
			productRefGroup = 27C94D0A1E3F113F0052B951 /* Products */;
			projectDirPath = "";
			projectRoot = "";
			targets = (
				27C94D081E3F113F0052B951 /* Gophertainment */,
				27C94D1C1E3F113F0052B951 /* GophertainmentTests */,
				27C94D271E3F113F0052B951 /* GophertainmentUITests */,
			);
		};
/* End PBXProject section */

/* Begin PBXResourcesBuildPhase section */
		27C94D071E3F113F0052B951 /* Resources */ = {
			isa = PBXResourcesBuildPhase;
			buildActionMask = 2147483647;
			files = (
				27C94D171E3F113F0052B951 /* LaunchScreen.storyboard in Resources */,
				273432E41E4808F400867DD6 /* Assets.xcassets in Resources */,
				27C94D121E3F113F0052B951 /* Main.storyboard in Resources */,
			);
			runOnlyForDeploymentPostprocessing = 0;
		};
		27C94D1B1E3F113F0052B951 /* Resources */ = {
			isa = PBXResourcesBuildPhase;
			buildActionMask = 2147483647;
			files = (
			);
			runOnlyForDeploymentPostprocessing = 0;
		};
		27C94D261E3F113F0052B951 /* Resources */ = {
			isa = PBXResourcesBuildPhase;
			buildActionMask = 2147483647;
			files = (
			);
			runOnlyForDeploymentPostprocessing = 0;
		};
/* End PBXResourcesBuildPhase section */

/* Begin PBXSourcesBuildPhase section */
		27C94D051E3F113F0052B951 /* Sources */ = {
			isa = PBXSourcesBuildPhase;
			buildActionMask = 2147483647;
			files = (
				273432EA1E4A9C0A00867DD6 /* DetailPageViewController.swift in Sources */,
				273432E61E4A86B900867DD6 /* ActorCollectionViewController.swift in Sources */,
				273432DB1E44223900867DD6 /* TvShowData.swift in Sources */,
				273432EE1E4B0A0000867DD6 /* CrewCollectionViewCell.swift in Sources */,
				273432E81E4A878100867DD6 /* ActorCollectionViewCell.swift in Sources */,
				273432D71E44222500867DD6 /* MovieData.swift in Sources */,
				273432DF1E47D01600867DD6 /* PosterDetailViewController.swift in Sources */,
				273432D51E44155A00867DD6 /* BaseDataModel.swift in Sources */,
				27C94D0F1E3F113F0052B951 /* HomeViewController.swift in Sources */,
				27C94D3E1E3F15030052B951 /* ResultCellView.swift in Sources */,
				27C94D0D1E3F113F0052B951 /* AppDelegate.swift in Sources */,
				273432EC1E4B09F200867DD6 /* CrewCollectionViewController.swift in Sources */,
				273432F01E4BD8F000867DD6 /* NetworkExtensions.swift in Sources */,
				273432D91E44222F00867DD6 /* PersonData.swift in Sources */,
				27C94D421E404FB80052B951 /* Extensions.swift in Sources */,
			);
			runOnlyForDeploymentPostprocessing = 0;
		};
		27C94D191E3F113F0052B951 /* Sources */ = {
			isa = PBXSourcesBuildPhase;
			buildActionMask = 2147483647;
			files = (
				27C94D221E3F113F0052B951 /* GophertainmentTests.swift in Sources */,
			);
			runOnlyForDeploymentPostprocessing = 0;
		};
		27C94D241E3F113F0052B951 /* Sources */ = {
			isa = PBXSourcesBuildPhase;
			buildActionMask = 2147483647;
			files = (
				27C94D2D1E3F113F0052B951 /* GophertainmentUITests.swift in Sources */,
			);
			runOnlyForDeploymentPostprocessing = 0;
		};
/* End PBXSourcesBuildPhase section */

/* Begin PBXTargetDependency section */
		27C94D1F1E3F113F0052B951 /* PBXTargetDependency */ = {
			isa = PBXTargetDependency;
			target = 27C94D081E3F113F0052B951 /* Gophertainment */;
			targetProxy = 27C94D1E1E3F113F0052B951 /* PBXContainerItemProxy */;
		};
		27C94D2A1E3F113F0052B951 /* PBXTargetDependency */ = {
			isa = PBXTargetDependency;
			target = 27C94D081E3F113F0052B951 /* Gophertainment */;
			targetProxy = 27C94D291E3F113F0052B951 /* PBXContainerItemProxy */;
		};
/* End PBXTargetDependency section */

/* Begin PBXVariantGroup section */
		27C94D101E3F113F0052B951 /* Main.storyboard */ = {
			isa = PBXVariantGroup;
			children = (
				27C94D111E3F113F0052B951 /* Base */,
			);
			name = Main.storyboard;
			sourceTree = "<group>";
		};
		27C94D151E3F113F0052B951 /* LaunchScreen.storyboard */ = {
			isa = PBXVariantGroup;
			children = (
				27C94D161E3F113F0052B951 /* Base */,
			);
			name = LaunchScreen.storyboard;
			sourceTree = "<group>";
		};
/* End PBXVariantGroup section */

/* Begin XCBuildConfiguration section */
		27C94D2F1E3F113F0052B951 /* Debug */ = {
			isa = XCBuildConfiguration;
			buildSettings = {
				ALWAYS_SEARCH_USER_PATHS = NO;
				CLANG_ANALYZER_NONNULL = YES;
				CLANG_CXX_LANGUAGE_STANDARD = "gnu++0x";
				CLANG_CXX_LIBRARY = "libc++";
				CLANG_ENABLE_MODULES = YES;
				CLANG_ENABLE_OBJC_ARC = YES;
				CLANG_WARN_BOOL_CONVERSION = YES;
				CLANG_WARN_CONSTANT_CONVERSION = YES;
				CLANG_WARN_DIRECT_OBJC_ISA_USAGE = YES_ERROR;
				CLANG_WARN_DOCUMENTATION_COMMENTS = YES;
				CLANG_WARN_EMPTY_BODY = YES;
				CLANG_WARN_ENUM_CONVERSION = YES;
				CLANG_WARN_INFINITE_RECURSION = YES;
				CLANG_WARN_INT_CONVERSION = YES;
				CLANG_WARN_OBJC_ROOT_CLASS = YES_ERROR;
				CLANG_WARN_SUSPICIOUS_MOVE = YES;
				CLANG_WARN_UNREACHABLE_CODE = YES;
				CLANG_WARN__DUPLICATE_METHOD_MATCH = YES;
				"CODE_SIGN_IDENTITY[sdk=iphoneos*]" = "iPhone Developer";
				COPY_PHASE_STRIP = NO;
				DEBUG_INFORMATION_FORMAT = dwarf;
				ENABLE_STRICT_OBJC_MSGSEND = YES;
				ENABLE_TESTABILITY = YES;
				GCC_C_LANGUAGE_STANDARD = gnu99;
				GCC_DYNAMIC_NO_PIC = NO;
				GCC_NO_COMMON_BLOCKS = YES;
				GCC_OPTIMIZATION_LEVEL = 0;
				GCC_PREPROCESSOR_DEFINITIONS = (
					"DEBUG=1",
					"$(inherited)",
				);
				GCC_WARN_64_TO_32_BIT_CONVERSION = YES;
				GCC_WARN_ABOUT_RETURN_TYPE = YES_ERROR;
				GCC_WARN_UNDECLARED_SELECTOR = YES;
				GCC_WARN_UNINITIALIZED_AUTOS = YES_AGGRESSIVE;
				GCC_WARN_UNUSED_FUNCTION = YES;
				GCC_WARN_UNUSED_VARIABLE = YES;
				IPHONEOS_DEPLOYMENT_TARGET = 10.2;
				MTL_ENABLE_DEBUG_INFO = YES;
				ONLY_ACTIVE_ARCH = YES;
				SDKROOT = iphoneos;
				SWIFT_ACTIVE_COMPILATION_CONDITIONS = DEBUG;
				SWIFT_OPTIMIZATION_LEVEL = "-Onone";
				TARGETED_DEVICE_FAMILY = "1,2";
			};
			name = Debug;
		};
		27C94D301E3F113F0052B951 /* Release */ = {
			isa = XCBuildConfiguration;
			buildSettings = {
				ALWAYS_SEARCH_USER_PATHS = NO;
				CLANG_ANALYZER_NONNULL = YES;
				CLANG_CXX_LANGUAGE_STANDARD = "gnu++0x";
				CLANG_CXX_LIBRARY = "libc++";
				CLANG_ENABLE_MODULES = YES;
				CLANG_ENABLE_OBJC_ARC = YES;
				CLANG_WARN_BOOL_CONVERSION = YES;
				CLANG_WARN_CONSTANT_CONVERSION = YES;
				CLANG_WARN_DIRECT_OBJC_ISA_USAGE = YES_ERROR;
				CLANG_WARN_DOCUMENTATION_COMMENTS = YES;
				CLANG_WARN_EMPTY_BODY = YES;
				CLANG_WARN_ENUM_CONVERSION = YES;
				CLANG_WARN_INFINITE_RECURSION = YES;
				CLANG_WARN_INT_CONVERSION = YES;
				CLANG_WARN_OBJC_ROOT_CLASS = YES_ERROR;
				CLANG_WARN_SUSPICIOUS_MOVE = YES;
				CLANG_WARN_UNREACHABLE_CODE = YES;
				CLANG_WARN__DUPLICATE_METHOD_MATCH = YES;
				"CODE_SIGN_IDENTITY[sdk=iphoneos*]" = "iPhone Developer";
				COPY_PHASE_STRIP = NO;
				DEBUG_INFORMATION_FORMAT = "dwarf-with-dsym";
				ENABLE_NS_ASSERTIONS = NO;
				ENABLE_STRICT_OBJC_MSGSEND = YES;
				GCC_C_LANGUAGE_STANDARD = gnu99;
				GCC_NO_COMMON_BLOCKS = YES;
				GCC_WARN_64_TO_32_BIT_CONVERSION = YES;
				GCC_WARN_ABOUT_RETURN_TYPE = YES_ERROR;
				GCC_WARN_UNDECLARED_SELECTOR = YES;
				GCC_WARN_UNINITIALIZED_AUTOS = YES_AGGRESSIVE;
				GCC_WARN_UNUSED_FUNCTION = YES;
				GCC_WARN_UNUSED_VARIABLE = YES;
				IPHONEOS_DEPLOYMENT_TARGET = 10.2;
				MTL_ENABLE_DEBUG_INFO = NO;
				SDKROOT = iphoneos;
				SWIFT_OPTIMIZATION_LEVEL = "-Owholemodule";
				TARGETED_DEVICE_FAMILY = "1,2";
				VALIDATE_PRODUCT = YES;
			};
			name = Release;
		};
		27C94D321E3F113F0052B951 /* Debug */ = {
			isa = XCBuildConfiguration;
			buildSettings = {
				ASSETCATALOG_COMPILER_APPICON_NAME = AppIcon;
				DEVELOPMENT_TEAM = 4UW8LGR5EU;
				INFOPLIST_FILE = Gophertainment/Info.plist;
				LD_RUNPATH_SEARCH_PATHS = "$(inherited) @executable_path/Frameworks";
				PRODUCT_BUNDLE_IDENTIFIER = com.gophertainment.Gophertainment;
				PRODUCT_NAME = "$(TARGET_NAME)";
				SWIFT_VERSION = 3.0;
			};
			name = Debug;
		};
		27C94D331E3F113F0052B951 /* Release */ = {
			isa = XCBuildConfiguration;
			buildSettings = {
				ASSETCATALOG_COMPILER_APPICON_NAME = AppIcon;
				DEVELOPMENT_TEAM = 4UW8LGR5EU;
				INFOPLIST_FILE = Gophertainment/Info.plist;
				LD_RUNPATH_SEARCH_PATHS = "$(inherited) @executable_path/Frameworks";
				PRODUCT_BUNDLE_IDENTIFIER = com.gophertainment.Gophertainment;
				PRODUCT_NAME = "$(TARGET_NAME)";
				SWIFT_VERSION = 3.0;
			};
			name = Release;
		};
		27C94D351E3F113F0052B951 /* Debug */ = {
			isa = XCBuildConfiguration;
			buildSettings = {
				ALWAYS_EMBED_SWIFT_STANDARD_LIBRARIES = YES;
				BUNDLE_LOADER = "$(TEST_HOST)";
				DEVELOPMENT_TEAM = 4UW8LGR5EU;
				INFOPLIST_FILE = GophertainmentTests/Info.plist;
				LD_RUNPATH_SEARCH_PATHS = "$(inherited) @executable_path/Frameworks @loader_path/Frameworks";
				PRODUCT_BUNDLE_IDENTIFIER = com.gophertainment.GophertainmentTests;
				PRODUCT_NAME = "$(TARGET_NAME)";
				SWIFT_VERSION = 3.0;
				TEST_HOST = "$(BUILT_PRODUCTS_DIR)/Gophertainment.app/Gophertainment";
			};
			name = Debug;
		};
		27C94D361E3F113F0052B951 /* Release */ = {
			isa = XCBuildConfiguration;
			buildSettings = {
				ALWAYS_EMBED_SWIFT_STANDARD_LIBRARIES = YES;
				BUNDLE_LOADER = "$(TEST_HOST)";
				DEVELOPMENT_TEAM = 4UW8LGR5EU;
				INFOPLIST_FILE = GophertainmentTests/Info.plist;
				LD_RUNPATH_SEARCH_PATHS = "$(inherited) @executable_path/Frameworks @loader_path/Frameworks";
				PRODUCT_BUNDLE_IDENTIFIER = com.gophertainment.GophertainmentTests;
				PRODUCT_NAME = "$(TARGET_NAME)";
				SWIFT_VERSION = 3.0;
				TEST_HOST = "$(BUILT_PRODUCTS_DIR)/Gophertainment.app/Gophertainment";
			};
			name = Release;
		};
		27C94D381E3F113F0052B951 /* Debug */ = {
			isa = XCBuildConfiguration;
			buildSettings = {
				ALWAYS_EMBED_SWIFT_STANDARD_LIBRARIES = YES;
				DEVELOPMENT_TEAM = 4UW8LGR5EU;
				INFOPLIST_FILE = GophertainmentUITests/Info.plist;
				LD_RUNPATH_SEARCH_PATHS = "$(inherited) @executable_path/Frameworks @loader_path/Frameworks";
				PRODUCT_BUNDLE_IDENTIFIER = com.gophertainment.GophertainmentUITests;
				PRODUCT_NAME = "$(TARGET_NAME)";
				SWIFT_VERSION = 3.0;
				TEST_TARGET_NAME = Gophertainment;
			};
			name = Debug;
		};
		27C94D391E3F113F0052B951 /* Release */ = {
			isa = XCBuildConfiguration;
			buildSettings = {
				ALWAYS_EMBED_SWIFT_STANDARD_LIBRARIES = YES;
				DEVELOPMENT_TEAM = 4UW8LGR5EU;
				INFOPLIST_FILE = GophertainmentUITests/Info.plist;
				LD_RUNPATH_SEARCH_PATHS = "$(inherited) @executable_path/Frameworks @loader_path/Frameworks";
				PRODUCT_BUNDLE_IDENTIFIER = com.gophertainment.GophertainmentUITests;
				PRODUCT_NAME = "$(TARGET_NAME)";
				SWIFT_VERSION = 3.0;
				TEST_TARGET_NAME = Gophertainment;
			};
			name = Release;
		};
/* End XCBuildConfiguration section */

/* Begin XCConfigurationList section */
		27C94D041E3F113F0052B951 /* Build configuration list for PBXProject "Gophertainment" */ = {
			isa = XCConfigurationList;
			buildConfigurations = (
				27C94D2F1E3F113F0052B951 /* Debug */,
				27C94D301E3F113F0052B951 /* Release */,
			);
			defaultConfigurationIsVisible = 0;
			defaultConfigurationName = Release;
		};
		27C94D311E3F113F0052B951 /* Build configuration list for PBXNativeTarget "Gophertainment" */ = {
			isa = XCConfigurationList;
			buildConfigurations = (
				27C94D321E3F113F0052B951 /* Debug */,
				27C94D331E3F113F0052B951 /* Release */,
			);
			defaultConfigurationIsVisible = 0;
			defaultConfigurationName = Release;
		};
		27C94D341E3F113F0052B951 /* Build configuration list for PBXNativeTarget "GophertainmentTests" */ = {
			isa = XCConfigurationList;
			buildConfigurations = (
				27C94D351E3F113F0052B951 /* Debug */,
				27C94D361E3F113F0052B951 /* Release */,
			);
			defaultConfigurationIsVisible = 0;
			defaultConfigurationName = Release;
		};
		27C94D371E3F113F0052B951 /* Build configuration list for PBXNativeTarget "GophertainmentUITests" */ = {
			isa = XCConfigurationList;
			buildConfigurations = (
				27C94D381E3F113F0052B951 /* Debug */,
				27C94D391E3F113F0052B951 /* Release */,
			);
			defaultConfigurationIsVisible = 0;
			defaultConfigurationName = Release;
		};
/* End XCConfigurationList section */
	};
	rootObject = 27C94D011E3F113F0052B951 /* Project object */;
}
